// !$*UTF8*$!
{
	archiveVersion = 1;
	classes = {
	};
	objectVersion = 46;
	objects = {

/* Begin PBXBuildFile section */
		732222341CB9414C00C0E5C7 /* AppDelegate.swift in Sources */ = {isa = PBXBuildFile; fileRef = 732222331CB9414C00C0E5C7 /* AppDelegate.swift */; };
		732222361CB9414C00C0E5C7 /* ViewController.swift in Sources */ = {isa = PBXBuildFile; fileRef = 732222351CB9414C00C0E5C7 /* ViewController.swift */; };
		732222391CB9414C00C0E5C7 /* Main.storyboard in Resources */ = {isa = PBXBuildFile; fileRef = 732222371CB9414C00C0E5C7 /* Main.storyboard */; };
		7322223B1CB9414C00C0E5C7 /* Assets.xcassets in Resources */ = {isa = PBXBuildFile; fileRef = 7322223A1CB9414C00C0E5C7 /* Assets.xcassets */; };
		7322223E1CB9414C00C0E5C7 /* LaunchScreen.storyboard in Resources */ = {isa = PBXBuildFile; fileRef = 7322223C1CB9414C00C0E5C7 /* LaunchScreen.storyboard */; };
/* End PBXBuildFile section */

/* Begin PBXFileReference section */
		732222301CB9414C00C0E5C7 /* matchBeta.app */ = {isa = PBXFileReference; explicitFileType = wrapper.application; includeInIndex = 0; path = matchBeta.app; sourceTree = BUILT_PRODUCTS_DIR; };
		732222331CB9414C00C0E5C7 /* AppDelegate.swift */ = {isa = PBXFileReference; lastKnownFileType = sourcecode.swift; path = AppDelegate.swift; sourceTree = "<group>"; };
		732222351CB9414C00C0E5C7 /* ViewController.swift */ = {isa = PBXFileReference; lastKnownFileType = sourcecode.swift; path = ViewController.swift; sourceTree = "<group>"; };
		732222381CB9414C00C0E5C7 /* Base */ = {isa = PBXFileReference; lastKnownFileType = file.storyboard; name = Base; path = Base.lproj/Main.storyboard; sourceTree = "<group>"; };
		7322223A1CB9414C00C0E5C7 /* Assets.xcassets */ = {isa = PBXFileReference; lastKnownFileType = folder.assetcatalog; path = Assets.xcassets; sourceTree = "<group>"; };
		7322223D1CB9414C00C0E5C7 /* Base */ = {isa = PBXFileReference; lastKnownFileType = file.storyboard; name = Base; path = Base.lproj/LaunchScreen.storyboard; sourceTree = "<group>"; };
		7322223F1CB9414C00C0E5C7 /* Info.plist */ = {isa = PBXFileReference; lastKnownFileType = text.plist.xml; path = Info.plist; sourceTree = "<group>"; };
/* End PBXFileReference section */

/* Begin PBXFrameworksBuildPhase section */
		7322222D1CB9414C00C0E5C7 /* Frameworks */ = {
			isa = PBXFrameworksBuildPhase;
			buildActionMask = 2147483647;
			files = (
			);
			runOnlyForDeploymentPostprocessing = 0;
		};
/* End PBXFrameworksBuildPhase section */

/* Begin PBXGroup section */
		732222271CB9414C00C0E5C7 = {
			isa = PBXGroup;
			children = (
				732222321CB9414C00C0E5C7 /* matchBeta */,
				732222311CB9414C00C0E5C7 /* Products */,
			);
			sourceTree = "<group>";
		};
		732222311CB9414C00C0E5C7 /* Products */ = {
			isa = PBXGroup;
			children = (
				732222301CB9414C00C0E5C7 /* matchBeta.app */,
			);
			name = Products;
			sourceTree = "<group>";
		};
		732222321CB9414C00C0E5C7 /* matchBeta */ = {
			isa = PBXGroup;
			children = (
				732222331CB9414C00C0E5C7 /* AppDelegate.swift */,
				732222351CB9414C00C0E5C7 /* ViewController.swift */,
				732222371CB9414C00C0E5C7 /* Main.storyboard */,
				7322223A1CB9414C00C0E5C7 /* Assets.xcassets */,
				7322223C1CB9414C00C0E5C7 /* LaunchScreen.storyboard */,
				7322223F1CB9414C00C0E5C7 /* Info.plist */,
			);
			path = matchBeta;
			sourceTree = "<group>";
		};
/* End PBXGroup section */

/* Begin PBXNativeTarget section */
		7322222F1CB9414C00C0E5C7 /* matchBeta */ = {
			isa = PBXNativeTarget;
			buildConfigurationList = 732222421CB9414C00C0E5C7 /* Build configuration list for PBXNativeTarget "matchBeta" */;
			buildPhases = (
				7322222C1CB9414C00C0E5C7 /* Sources */,
				7322222D1CB9414C00C0E5C7 /* Frameworks */,
				7322222E1CB9414C00C0E5C7 /* Resources */,
			);
			buildRules = (
			);
			dependencies = (
			);
			name = matchBeta;
			productName = matchBeta;
			productReference = 732222301CB9414C00C0E5C7 /* matchBeta.app */;
			productType = "com.apple.product-type.application";
		};
/* End PBXNativeTarget section */

/* Begin PBXProject section */
		732222281CB9414C00C0E5C7 /* Project object */ = {
			isa = PBXProject;
			attributes = {
				LastSwiftUpdateCheck = 0730;
				LastUpgradeCheck = 0730;
				ORGANIZATIONNAME = turn2smith;
				TargetAttributes = {
					7322222F1CB9414C00C0E5C7 = {
						CreatedOnToolsVersion = 7.3;
						DevelopmentTeam = 7E8AVQ353B;
					};
				};
			};
			buildConfigurationList = 7322222B1CB9414C00C0E5C7 /* Build configuration list for PBXProject "matchBeta" */;
			compatibilityVersion = "Xcode 3.2";
			developmentRegion = English;
			hasScannedForEncodings = 0;
			knownRegions = (
				en,
				Base,
			);
			mainGroup = 732222271CB9414C00C0E5C7;
			productRefGroup = 732222311CB9414C00C0E5C7 /* Products */;
			projectDirPath = "";
			projectRoot = "";
			targets = (
				7322222F1CB9414C00C0E5C7 /* matchBeta */,
			);
		};
/* End PBXProject section */

/* Begin PBXResourcesBuildPhase section */
		7322222E1CB9414C00C0E5C7 /* Resources */ = {
			isa = PBXResourcesBuildPhase;
			buildActionMask = 2147483647;
			files = (
				7322223E1CB9414C00C0E5C7 /* LaunchScreen.storyboard in Resources */,
				7322223B1CB9414C00C0E5C7 /* Assets.xcassets in Resources */,
				732222391CB9414C00C0E5C7 /* Main.storyboard in Resources */,
			);
			runOnlyForDeploymentPostprocessing = 0;
		};
/* End PBXResourcesBuildPhase section */

/* Begin PBXSourcesBuildPhase section */
		7322222C1CB9414C00C0E5C7 /* Sources */ = {
			isa = PBXSourcesBuildPhase;
			buildActionMask = 2147483647;
			files = (
				732222361CB9414C00C0E5C7 /* ViewController.swift in Sources */,
				732222341CB9414C00C0E5C7 /* AppDelegate.swift in Sources */,
			);
			runOnlyForDeploymentPostprocessing = 0;
		};
/* End PBXSourcesBuildPhase section */

/* Begin PBXVariantGroup section */
		732222371CB9414C00C0E5C7 /* Main.storyboard */ = {
			isa = PBXVariantGroup;
			children = (
				732222381CB9414C00C0E5C7 /* Base */,
			);
			name = Main.storyboard;
			sourceTree = "<group>";
		};
		7322223C1CB9414C00C0E5C7 /* LaunchScreen.storyboard */ = {
			isa = PBXVariantGroup;
			children = (
				7322223D1CB9414C00C0E5C7 /* Base */,
			);
			name = LaunchScreen.storyboard;
			sourceTree = "<group>";
		};
/* End PBXVariantGroup section */

/* Begin XCBuildConfiguration section */
		732222401CB9414C00C0E5C7 /* Debug */ = {
			isa = XCBuildConfiguration;
			buildSettings = {
				ALWAYS_SEARCH_USER_PATHS = NO;
				CLANG_ANALYZER_NONNULL = YES;
				CLANG_CXX_LANGUAGE_STANDARD = "gnu++0x";
				CLANG_CXX_LIBRARY = "libc++";
				CLANG_ENABLE_MODULES = YES;
				CLANG_ENABLE_OBJC_ARC = YES;
				CLANG_WARN_BOOL_CONVERSION = YES;
				CLANG_WARN_CONSTANT_CONVERSION = YES;
				CLANG_WARN_DIRECT_OBJC_ISA_USAGE = YES_ERROR;
				CLANG_WARN_EMPTY_BODY = YES;
				CLANG_WARN_ENUM_CONVERSION = YES;
				CLANG_WARN_INT_CONVERSION = YES;
				CLANG_WARN_OBJC_ROOT_CLASS = YES_ERROR;
				CLANG_WARN_UNREACHABLE_CODE = YES;
				CLANG_WARN__DUPLICATE_METHOD_MATCH = YES;
				"CODE_SIGN_IDENTITY[sdk=iphoneos*]" = "iPhone Developer";
				COPY_PHASE_STRIP = NO;
				DEBUG_INFORMATION_FORMAT = dwarf;
				ENABLE_STRICT_OBJC_MSGSEND = YES;
				ENABLE_TESTABILITY = YES;
				GCC_C_LANGUAGE_STANDARD = gnu99;
				GCC_DYNAMIC_NO_PIC = NO;
				GCC_NO_COMMON_BLOCKS = YES;
				GCC_OPTIMIZATION_LEVEL = 0;
				GCC_PREPROCESSOR_DEFINITIONS = (
					"DEBUG=1",
					"$(inherited)",
				);
				GCC_WARN_64_TO_32_BIT_CONVERSION = YES;
				GCC_WARN_ABOUT_RETURN_TYPE = YES_ERROR;
				GCC_WARN_UNDECLARED_SELECTOR = YES;
				GCC_WARN_UNINITIALIZED_AUTOS = YES_AGGRESSIVE;
				GCC_WARN_UNUSED_FUNCTION = YES;
				GCC_WARN_UNUSED_VARIABLE = YES;
				IPHONEOS_DEPLOYMENT_TARGET = 9.3;
				MTL_ENABLE_DEBUG_INFO = YES;
				ONLY_ACTIVE_ARCH = YES;
				SDKROOT = iphoneos;
				SWIFT_OPTIMIZATION_LEVEL = "-Onone";
			};
			name = Debug;
		};
		732222411CB9414C00C0E5C7 /* Release */ = {
			isa = XCBuildConfiguration;
			buildSettings = {
				ALWAYS_SEARCH_USER_PATHS = NO;
				CLANG_ANALYZER_NONNULL = YES;
				CLANG_CXX_LANGUAGE_STANDARD = "gnu++0x";
				CLANG_CXX_LIBRARY = "libc++";
				CLANG_ENABLE_MODULES = YES;
				CLANG_ENABLE_OBJC_ARC = YES;
				CLANG_WARN_BOOL_CONVERSION = YES;
				CLANG_WARN_CONSTANT_CONVERSION = YES;
				CLANG_WARN_DIRECT_OBJC_ISA_USAGE = YES_ERROR;
				CLANG_WARN_EMPTY_BODY = YES;
				CLANG_WARN_ENUM_CONVERSION = YES;
				CLANG_WARN_INT_CONVERSION = YES;
				CLANG_WARN_OBJC_ROOT_CLASS = YES_ERROR;
				CLANG_WARN_UNREACHABLE_CODE = YES;
				CLANG_WARN__DUPLICATE_METHOD_MATCH = YES;
				"CODE_SIGN_IDENTITY[sdk=iphoneos*]" = "iPhone Developer";
				COPY_PHASE_STRIP = NO;
				DEBUG_INFORMATION_FORMAT = "dwarf-with-dsym";
				ENABLE_NS_ASSERTIONS = NO;
				ENABLE_STRICT_OBJC_MSGSEND = YES;
				GCC_C_LANGUAGE_STANDARD = gnu99;
				GCC_NO_COMMON_BLOCKS = YES;
				GCC_WARN_64_TO_32_BIT_CONVERSION = YES;
				GCC_WARN_ABOUT_RETURN_TYPE = YES_ERROR;
				GCC_WARN_UNDECLARED_SELECTOR = YES;
				GCC_WARN_UNINITIALIZED_AUTOS = YES_AGGRESSIVE;
				GCC_WARN_UNUSED_FUNCTION = YES;
				GCC_WARN_UNUSED_VARIABLE = YES;
				IPHONEOS_DEPLOYMENT_TARGET = 9.3;
				MTL_ENABLE_DEBUG_INFO = NO;
				SDKROOT = iphoneos;
				VALIDATE_PRODUCT = YES;
			};
			name = Release;
		};
		732222431CB9414C00C0E5C7 /* Debug */ = {
			isa = XCBuildConfiguration;
			buildSettings = {
				ASSETCATALOG_COMPILER_APPICON_NAME = AppIcon;
				CODE_SIGN_IDENTITY = "iPhone Developer";
				INFOPLIST_FILE = matchBeta/Info.plist;
				LD_RUNPATH_SEARCH_PATHS = "$(inherited) @executable_path/Frameworks";
				PRODUCT_BUNDLE_IDENTIFIER = com.turn2smith.matchBeta;
				PRODUCT_NAME = "$(TARGET_NAME)";
			};
			name = Debug;
		};
		732222441CB9414C00C0E5C7 /* Release */ = {
			isa = XCBuildConfiguration;
			buildSettings = {
				ASSETCATALOG_COMPILER_APPICON_NAME = AppIcon;
				CODE_SIGN_IDENTITY = "iPhone Developer";
				INFOPLIST_FILE = matchBeta/Info.plist;
				LD_RUNPATH_SEARCH_PATHS = "$(inherited) @executable_path/Frameworks";
				PRODUCT_BUNDLE_IDENTIFIER = com.turn2smith.matchBeta;
				PRODUCT_NAME = "$(TARGET_NAME)";
			};
			name = Release;
		};
/* End XCBuildConfiguration section */

/* Begin XCConfigurationList section */
		7322222B1CB9414C00C0E5C7 /* Build configuration list for PBXProject "matchBeta" */ = {
			isa = XCConfigurationList;
			buildConfigurations = (
				732222401CB9414C00C0E5C7 /* Debug */,
				732222411CB9414C00C0E5C7 /* Release */,
			);
			defaultConfigurationIsVisible = 0;
			defaultConfigurationName = Release;
		};
		732222421CB9414C00C0E5C7 /* Build configuration list for PBXNativeTarget "matchBeta" */ = {
			isa = XCConfigurationList;
			buildConfigurations = (
				732222431CB9414C00C0E5C7 /* Debug */,
				732222441CB9414C00C0E5C7 /* Release */,
			);
			defaultConfigurationIsVisible = 0;
		};
/* End XCConfigurationList section */
	};
	rootObject = 732222281CB9414C00C0E5C7 /* Project object */;
}
